
Microsoft Visual Studio Solution File, Format Version 12.00
# Visual Studio Version 17
VisualStudioVersion = 17.1.32228.430
MinimumVisualStudioVersion = 10.0.40219.1
Project("{9A19103F-16F7-4668-BE54-9A1E7A4F7556}") = "QPdfNet", "QPdfNet\QPdfNet.csproj", "{1184D7CF-D69F-4707-AA76-55B846D32ACC}"
EndProject
Project("{9A19103F-16F7-4668-BE54-9A1E7A4F7556}") = "QpdfNetTest", "QpdfNetTest\QpdfNetTest.csproj", "{1C702B8C-5945-4F57-8A80-3BCBA47EC468}"
EndProject
Global
	GlobalSection(SolutionConfigurationPlatforms) = preSolution
		Debug|Any CPU = Debug|Any CPU
		Release|Any CPU = Release|Any CPU
	EndGlobalSection
	GlobalSection(ProjectConfigurationPlatforms) = postSolution
		{1184D7CF-D69F-4707-AA76-55B846D32ACC}.Debug|Any CPU.ActiveCfg = Debug|Any CPU
		{1184D7CF-D69F-4707-AA76-55B846D32ACC}.Debug|Any CPU.Build.0 = Debug|Any CPU
		{1184D7CF-D69F-4707-AA76-55B846D32ACC}.Release|Any CPU.ActiveCfg = Release|Any CPU
		{1184D7CF-D69F-4707-AA76-55B846D32ACC}.Release|Any CPU.Build.0 = Release|Any CPU
		{1C702B8C-5945-4F57-8A80-3BCBA47EC468}.Debug|Any CPU.ActiveCfg = Debug|Any CPU
		{1C702B8C-5945-4F57-8A80-3BCBA47EC468}.Debug|Any CPU.Build.0 = Debug|Any CPU
		{1C702B8C-5945-4F57-8A80-3BCBA47EC468}.Release|Any CPU.ActiveCfg = Release|Any CPU
		{1C702B8C-5945-4F57-8A80-3BCBA47EC468}.Release|Any CPU.Build.0 = Release|Any CPU
	EndGlobalSection
	GlobalSection(SolutionProperties) = preSolution
		HideSolutionNode = FALSE
	EndGlobalSection
	GlobalSection(ExtensibilityGlobals) = postSolution
		SolutionGuid = {B69FB73D-5021-4876-8F67-A09572B17402}
	EndGlobalSection
EndGlobal
